// !$*UTF8*$!
{
	archiveVersion = 1;
	classes = {
	};
	objectVersion = 50;
	objects = {

/* Begin PBXBuildFile section */
		6774F02D27981EE2000EAF06 /* TamagotchiApp.swift in Sources */ = {isa = PBXBuildFile; fileRef = 6774F02C27981EE2000EAF06 /* TamagotchiApp.swift */; };
		6774F02F27981EE2000EAF06 /* ContentView.swift in Sources */ = {isa = PBXBuildFile; fileRef = 6774F02E27981EE2000EAF06 /* ContentView.swift */; };
		6774F03127981EE4000EAF06 /* Assets.xcassets in Resources */ = {isa = PBXBuildFile; fileRef = 6774F03027981EE4000EAF06 /* Assets.xcassets */; };
		6774F03427981EE4000EAF06 /* Preview Assets.xcassets in Resources */ = {isa = PBXBuildFile; fileRef = 6774F03327981EE4000EAF06 /* Preview Assets.xcassets */; };
		6774F03F27981EE4000EAF06 /* TamagotchiTests.swift in Sources */ = {isa = PBXBuildFile; fileRef = 6774F03E27981EE4000EAF06 /* TamagotchiTests.swift */; };
		6774F04A27981EE5000EAF06 /* TamagotchiUITests.swift in Sources */ = {isa = PBXBuildFile; fileRef = 6774F04927981EE5000EAF06 /* TamagotchiUITests.swift */; };
		6774F05B279822DC000EAF06 /* TamagotchiTest.swift in Sources */ = {isa = PBXBuildFile; fileRef = 6774F05A279822DC000EAF06 /* TamagotchiTest.swift */; };
		6774F060279823F1000EAF06 /* Tamagotchi.swift in Sources */ = {isa = PBXBuildFile; fileRef = 6774F05F279823F1000EAF06 /* Tamagotchi.swift */; };
		6774F06427982493000EAF06 /* Tamagotchi.swift in Sources */ = {isa = PBXBuildFile; fileRef = 6774F05F279823F1000EAF06 /* Tamagotchi.swift */; };
/* End PBXBuildFile section */

/* Begin PBXContainerItemProxy section */
		6774F03B27981EE4000EAF06 /* PBXContainerItemProxy */ = {
			isa = PBXContainerItemProxy;
			containerPortal = 6774F02127981EE2000EAF06 /* Project object */;
			proxyType = 1;
			remoteGlobalIDString = 6774F02827981EE2000EAF06;
			remoteInfo = Tamagotchi;
		};
		6774F04627981EE5000EAF06 /* PBXContainerItemProxy */ = {
			isa = PBXContainerItemProxy;
			containerPortal = 6774F02127981EE2000EAF06 /* Project object */;
			proxyType = 1;
			remoteGlobalIDString = 6774F02827981EE2000EAF06;
			remoteInfo = Tamagotchi;
		};
/* End PBXContainerItemProxy section */

/* Begin PBXFileReference section */
		6774F02927981EE2000EAF06 /* Tamagotchi.app */ = {isa = PBXFileReference; explicitFileType = wrapper.application; includeInIndex = 0; path = Tamagotchi.app; sourceTree = BUILT_PRODUCTS_DIR; };
		6774F02C27981EE2000EAF06 /* TamagotchiApp.swift */ = {isa = PBXFileReference; lastKnownFileType = sourcecode.swift; path = TamagotchiApp.swift; sourceTree = "<group>"; };
		6774F02E27981EE2000EAF06 /* ContentView.swift */ = {isa = PBXFileReference; lastKnownFileType = sourcecode.swift; path = ContentView.swift; sourceTree = "<group>"; };
		6774F03027981EE4000EAF06 /* Assets.xcassets */ = {isa = PBXFileReference; lastKnownFileType = folder.assetcatalog; path = Assets.xcassets; sourceTree = "<group>"; };
		6774F03327981EE4000EAF06 /* Preview Assets.xcassets */ = {isa = PBXFileReference; lastKnownFileType = folder.assetcatalog; path = "Preview Assets.xcassets"; sourceTree = "<group>"; };
		6774F03527981EE4000EAF06 /* Info.plist */ = {isa = PBXFileReference; lastKnownFileType = text.plist.xml; path = Info.plist; sourceTree = "<group>"; };
		6774F03A27981EE4000EAF06 /* TamagotchiTests.xctest */ = {isa = PBXFileReference; explicitFileType = wrapper.cfbundle; includeInIndex = 0; path = TamagotchiTests.xctest; sourceTree = BUILT_PRODUCTS_DIR; };
		6774F03E27981EE4000EAF06 /* TamagotchiTests.swift */ = {isa = PBXFileReference; lastKnownFileType = sourcecode.swift; path = TamagotchiTests.swift; sourceTree = "<group>"; };
		6774F04027981EE5000EAF06 /* Info.plist */ = {isa = PBXFileReference; lastKnownFileType = text.plist.xml; path = Info.plist; sourceTree = "<group>"; };
		6774F04527981EE5000EAF06 /* TamagotchiUITests.xctest */ = {isa = PBXFileReference; explicitFileType = wrapper.cfbundle; includeInIndex = 0; path = TamagotchiUITests.xctest; sourceTree = BUILT_PRODUCTS_DIR; };
		6774F04927981EE5000EAF06 /* TamagotchiUITests.swift */ = {isa = PBXFileReference; lastKnownFileType = sourcecode.swift; path = TamagotchiUITests.swift; sourceTree = "<group>"; };
		6774F04B27981EE5000EAF06 /* Info.plist */ = {isa = PBXFileReference; lastKnownFileType = text.plist.xml; path = Info.plist; sourceTree = "<group>"; };
		6774F05A279822DC000EAF06 /* TamagotchiTest.swift */ = {isa = PBXFileReference; lastKnownFileType = sourcecode.swift; path = TamagotchiTest.swift; sourceTree = "<group>"; };
		6774F05F279823F1000EAF06 /* Tamagotchi.swift */ = {isa = PBXFileReference; lastKnownFileType = sourcecode.swift; path = Tamagotchi.swift; sourceTree = "<group>"; };
/* End PBXFileReference section */

/* Begin PBXFrameworksBuildPhase section */
		6774F02627981EE2000EAF06 /* Frameworks */ = {
			isa = PBXFrameworksBuildPhase;
			buildActionMask = 2147483647;
			files = (
			);
			runOnlyForDeploymentPostprocessing = 0;
		};
		6774F03727981EE4000EAF06 /* Frameworks */ = {
			isa = PBXFrameworksBuildPhase;
			buildActionMask = 2147483647;
			files = (
			);
			runOnlyForDeploymentPostprocessing = 0;
		};
		6774F04227981EE5000EAF06 /* Frameworks */ = {
			isa = PBXFrameworksBuildPhase;
			buildActionMask = 2147483647;
			files = (
			);
			runOnlyForDeploymentPostprocessing = 0;
		};
/* End PBXFrameworksBuildPhase section */

/* Begin PBXGroup section */
		6774F02027981EE2000EAF06 = {
			isa = PBXGroup;
			children = (
				6774F02B27981EE2000EAF06 /* Tamagotchi */,
				6774F03D27981EE4000EAF06 /* TamagotchiTests */,
				6774F04827981EE5000EAF06 /* TamagotchiUITests */,
				6774F02A27981EE2000EAF06 /* Products */,
			);
			sourceTree = "<group>";
		};
		6774F02A27981EE2000EAF06 /* Products */ = {
			isa = PBXGroup;
			children = (
				6774F02927981EE2000EAF06 /* Tamagotchi.app */,
				6774F03A27981EE4000EAF06 /* TamagotchiTests.xctest */,
				6774F04527981EE5000EAF06 /* TamagotchiUITests.xctest */,
			);
			name = Products;
			sourceTree = "<group>";
		};
		6774F02B27981EE2000EAF06 /* Tamagotchi */ = {
			isa = PBXGroup;
			children = (
				6774F02C27981EE2000EAF06 /* TamagotchiApp.swift */,
				6774F02E27981EE2000EAF06 /* ContentView.swift */,
				6774F03027981EE4000EAF06 /* Assets.xcassets */,
				6774F03527981EE4000EAF06 /* Info.plist */,
				6774F03227981EE4000EAF06 /* Preview Content */,
				6774F05F279823F1000EAF06 /* Tamagotchi.swift */,
			);
			path = Tamagotchi;
			sourceTree = "<group>";
		};
		6774F03227981EE4000EAF06 /* Preview Content */ = {
			isa = PBXGroup;
			children = (
				6774F03327981EE4000EAF06 /* Preview Assets.xcassets */,
			);
			path = "Preview Content";
			sourceTree = "<group>";
		};
		6774F03D27981EE4000EAF06 /* TamagotchiTests */ = {
			isa = PBXGroup;
			children = (
				6774F03E27981EE4000EAF06 /* TamagotchiTests.swift */,
				6774F05A279822DC000EAF06 /* TamagotchiTest.swift */,
				6774F04027981EE5000EAF06 /* Info.plist */,
			);
			path = TamagotchiTests;
			sourceTree = "<group>";
		};
		6774F04827981EE5000EAF06 /* TamagotchiUITests */ = {
			isa = PBXGroup;
			children = (
				6774F04927981EE5000EAF06 /* TamagotchiUITests.swift */,
				6774F04B27981EE5000EAF06 /* Info.plist */,
			);
			path = TamagotchiUITests;
			sourceTree = "<group>";
		};
/* End PBXGroup section */

/* Begin PBXNativeTarget section */
		6774F02827981EE2000EAF06 /* Tamagotchi */ = {
			isa = PBXNativeTarget;
			buildConfigurationList = 6774F04E27981EE5000EAF06 /* Build configuration list for PBXNativeTarget "Tamagotchi" */;
			buildPhases = (
				6774F02527981EE2000EAF06 /* Sources */,
				6774F02627981EE2000EAF06 /* Frameworks */,
				6774F02727981EE2000EAF06 /* Resources */,
			);
			buildRules = (
			);
			dependencies = (
			);
			name = Tamagotchi;
			productName = Tamagotchi;
			productReference = 6774F02927981EE2000EAF06 /* Tamagotchi.app */;
			productType = "com.apple.product-type.application";
		};
		6774F03927981EE4000EAF06 /* TamagotchiTests */ = {
			isa = PBXNativeTarget;
			buildConfigurationList = 6774F05127981EE5000EAF06 /* Build configuration list for PBXNativeTarget "TamagotchiTests" */;
			buildPhases = (
				6774F03627981EE4000EAF06 /* Sources */,
				6774F03727981EE4000EAF06 /* Frameworks */,
				6774F03827981EE4000EAF06 /* Resources */,
			);
			buildRules = (
			);
			dependencies = (
				6774F03C27981EE4000EAF06 /* PBXTargetDependency */,
			);
			name = TamagotchiTests;
			productName = TamagotchiTests;
			productReference = 6774F03A27981EE4000EAF06 /* TamagotchiTests.xctest */;
			productType = "com.apple.product-type.bundle.unit-test";
		};
		6774F04427981EE5000EAF06 /* TamagotchiUITests */ = {
			isa = PBXNativeTarget;
			buildConfigurationList = 6774F05427981EE5000EAF06 /* Build configuration list for PBXNativeTarget "TamagotchiUITests" */;
			buildPhases = (
				6774F04127981EE5000EAF06 /* Sources */,
				6774F04227981EE5000EAF06 /* Frameworks */,
				6774F04327981EE5000EAF06 /* Resources */,
			);
			buildRules = (
			);
			dependencies = (
				6774F04727981EE5000EAF06 /* PBXTargetDependency */,
			);
			name = TamagotchiUITests;
			productName = TamagotchiUITests;
			productReference = 6774F04527981EE5000EAF06 /* TamagotchiUITests.xctest */;
			productType = "com.apple.product-type.bundle.ui-testing";
		};
/* End PBXNativeTarget section */

/* Begin PBXProject section */
		6774F02127981EE2000EAF06 /* Project object */ = {
			isa = PBXProject;
			attributes = {
				LastSwiftUpdateCheck = 1240;
				LastUpgradeCheck = 1240;
				TargetAttributes = {
					6774F02827981EE2000EAF06 = {
						CreatedOnToolsVersion = 12.4;
					};
					6774F03927981EE4000EAF06 = {
						CreatedOnToolsVersion = 12.4;
						TestTargetID = 6774F02827981EE2000EAF06;
					};
					6774F04427981EE5000EAF06 = {
						CreatedOnToolsVersion = 12.4;
						TestTargetID = 6774F02827981EE2000EAF06;
					};
				};
			};
			buildConfigurationList = 6774F02427981EE2000EAF06 /* Build configuration list for PBXProject "Tamagotchi" */;
			compatibilityVersion = "Xcode 9.3";
			developmentRegion = en;
			hasScannedForEncodings = 0;
			knownRegions = (
				en,
				Base,
			);
			mainGroup = 6774F02027981EE2000EAF06;
			productRefGroup = 6774F02A27981EE2000EAF06 /* Products */;
			projectDirPath = "";
			projectRoot = "";
			targets = (
				6774F02827981EE2000EAF06 /* Tamagotchi */,
				6774F03927981EE4000EAF06 /* TamagotchiTests */,
				6774F04427981EE5000EAF06 /* TamagotchiUITests */,
			);
		};
/* End PBXProject section */

/* Begin PBXResourcesBuildPhase section */
		6774F02727981EE2000EAF06 /* Resources */ = {
			isa = PBXResourcesBuildPhase;
			buildActionMask = 2147483647;
			files = (
				6774F03427981EE4000EAF06 /* Preview Assets.xcassets in Resources */,
				6774F03127981EE4000EAF06 /* Assets.xcassets in Resources */,
			);
			runOnlyForDeploymentPostprocessing = 0;
		};
		6774F03827981EE4000EAF06 /* Resources */ = {
			isa = PBXResourcesBuildPhase;
			buildActionMask = 2147483647;
			files = (
			);
			runOnlyForDeploymentPostprocessing = 0;
		};
		6774F04327981EE5000EAF06 /* Resources */ = {
			isa = PBXResourcesBuildPhase;
			buildActionMask = 2147483647;
			files = (
			);
			runOnlyForDeploymentPostprocessing = 0;
		};
/* End PBXResourcesBuildPhase section */

/* Begin PBXSourcesBuildPhase section */
		6774F02527981EE2000EAF06 /* Sources */ = {
			isa = PBXSourcesBuildPhase;
			buildActionMask = 2147483647;
			files = (
				6774F02F27981EE2000EAF06 /* ContentView.swift in Sources */,
				6774F060279823F1000EAF06 /* Tamagotchi.swift in Sources */,
				6774F02D27981EE2000EAF06 /* TamagotchiApp.swift in Sources */,
			);
			runOnlyForDeploymentPostprocessing = 0;
		};
		6774F03627981EE4000EAF06 /* Sources */ = {
			isa = PBXSourcesBuildPhase;
			buildActionMask = 2147483647;
			files = (
				6774F05B279822DC000EAF06 /* TamagotchiTest.swift in Sources */,
				6774F06427982493000EAF06 /* Tamagotchi.swift in Sources */,
				6774F03F27981EE4000EAF06 /* TamagotchiTests.swift in Sources */,
			);
			runOnlyForDeploymentPostprocessing = 0;
		};
		6774F04127981EE5000EAF06 /* Sources */ = {
			isa = PBXSourcesBuildPhase;
			buildActionMask = 2147483647;
			files = (
				6774F04A27981EE5000EAF06 /* TamagotchiUITests.swift in Sources */,
			);
			runOnlyForDeploymentPostprocessing = 0;
		};
/* End PBXSourcesBuildPhase section */

/* Begin PBXTargetDependency section */
		6774F03C27981EE4000EAF06 /* PBXTargetDependency */ = {
			isa = PBXTargetDependency;
			target = 6774F02827981EE2000EAF06 /* Tamagotchi */;
			targetProxy = 6774F03B27981EE4000EAF06 /* PBXContainerItemProxy */;
		};
		6774F04727981EE5000EAF06 /* PBXTargetDependency */ = {
			isa = PBXTargetDependency;
			target = 6774F02827981EE2000EAF06 /* Tamagotchi */;
			targetProxy = 6774F04627981EE5000EAF06 /* PBXContainerItemProxy */;
		};
/* End PBXTargetDependency section */

/* Begin XCBuildConfiguration section */
		6774F04C27981EE5000EAF06 /* Debug */ = {
			isa = XCBuildConfiguration;
			buildSettings = {
				ALWAYS_SEARCH_USER_PATHS = NO;
				CLANG_ANALYZER_NONNULL = YES;
				CLANG_ANALYZER_NUMBER_OBJECT_CONVERSION = YES_AGGRESSIVE;
				CLANG_CXX_LANGUAGE_STANDARD = "gnu++14";
				CLANG_CXX_LIBRARY = "libc++";
				CLANG_ENABLE_MODULES = YES;
				CLANG_ENABLE_OBJC_ARC = YES;
				CLANG_ENABLE_OBJC_WEAK = YES;
				CLANG_WARN_BLOCK_CAPTURE_AUTORELEASING = YES;
				CLANG_WARN_BOOL_CONVERSION = YES;
				CLANG_WARN_COMMA = YES;
				CLANG_WARN_CONSTANT_CONVERSION = YES;
				CLANG_WARN_DEPRECATED_OBJC_IMPLEMENTATIONS = YES;
				CLANG_WARN_DIRECT_OBJC_ISA_USAGE = YES_ERROR;
				CLANG_WARN_DOCUMENTATION_COMMENTS = YES;
				CLANG_WARN_EMPTY_BODY = YES;
				CLANG_WARN_ENUM_CONVERSION = YES;
				CLANG_WARN_INFINITE_RECURSION = YES;
				CLANG_WARN_INT_CONVERSION = YES;
				CLANG_WARN_NON_LITERAL_NULL_CONVERSION = YES;
				CLANG_WARN_OBJC_IMPLICIT_RETAIN_SELF = YES;
				CLANG_WARN_OBJC_LITERAL_CONVERSION = YES;
				CLANG_WARN_OBJC_ROOT_CLASS = YES_ERROR;
				CLANG_WARN_QUOTED_INCLUDE_IN_FRAMEWORK_HEADER = YES;
				CLANG_WARN_RANGE_LOOP_ANALYSIS = YES;
				CLANG_WARN_STRICT_PROTOTYPES = YES;
				CLANG_WARN_SUSPICIOUS_MOVE = YES;
				CLANG_WARN_UNGUARDED_AVAILABILITY = YES_AGGRESSIVE;
				CLANG_WARN_UNREACHABLE_CODE = YES;
				CLANG_WARN__DUPLICATE_METHOD_MATCH = YES;
				COPY_PHASE_STRIP = NO;
				DEBUG_INFORMATION_FORMAT = dwarf;
				ENABLE_STRICT_OBJC_MSGSEND = YES;
				ENABLE_TESTABILITY = YES;
				GCC_C_LANGUAGE_STANDARD = gnu11;
				GCC_DYNAMIC_NO_PIC = NO;
				GCC_NO_COMMON_BLOCKS = YES;
				GCC_OPTIMIZATION_LEVEL = 0;
				GCC_PREPROCESSOR_DEFINITIONS = (
					"DEBUG=1",
					"$(inherited)",
				);
				GCC_WARN_64_TO_32_BIT_CONVERSION = YES;
				GCC_WARN_ABOUT_RETURN_TYPE = YES_ERROR;
				GCC_WARN_UNDECLARED_SELECTOR = YES;
				GCC_WARN_UNINITIALIZED_AUTOS = YES_AGGRESSIVE;
				GCC_WARN_UNUSED_FUNCTION = YES;
				GCC_WARN_UNUSED_VARIABLE = YES;
				IPHONEOS_DEPLOYMENT_TARGET = 14.4;
				MTL_ENABLE_DEBUG_INFO = INCLUDE_SOURCE;
				MTL_FAST_MATH = YES;
				ONLY_ACTIVE_ARCH = YES;
				SDKROOT = iphoneos;
				SWIFT_ACTIVE_COMPILATION_CONDITIONS = DEBUG;
				SWIFT_OPTIMIZATION_LEVEL = "-Onone";
			};
			name = Debug;
		};
		6774F04D27981EE5000EAF06 /* Release */ = {
			isa = XCBuildConfiguration;
			buildSettings = {
				ALWAYS_SEARCH_USER_PATHS = NO;
				CLANG_ANALYZER_NONNULL = YES;
				CLANG_ANALYZER_NUMBER_OBJECT_CONVERSION = YES_AGGRESSIVE;
				CLANG_CXX_LANGUAGE_STANDARD = "gnu++14";
				CLANG_CXX_LIBRARY = "libc++";
				CLANG_ENABLE_MODULES = YES;
				CLANG_ENABLE_OBJC_ARC = YES;
				CLANG_ENABLE_OBJC_WEAK = YES;
				CLANG_WARN_BLOCK_CAPTURE_AUTORELEASING = YES;
				CLANG_WARN_BOOL_CONVERSION = YES;
				CLANG_WARN_COMMA = YES;
				CLANG_WARN_CONSTANT_CONVERSION = YES;
				CLANG_WARN_DEPRECATED_OBJC_IMPLEMENTATIONS = YES;
				CLANG_WARN_DIRECT_OBJC_ISA_USAGE = YES_ERROR;
				CLANG_WARN_DOCUMENTATION_COMMENTS = YES;
				CLANG_WARN_EMPTY_BODY = YES;
				CLANG_WARN_ENUM_CONVERSION = YES;
				CLANG_WARN_INFINITE_RECURSION = YES;
				CLANG_WARN_INT_CONVERSION = YES;
				CLANG_WARN_NON_LITERAL_NULL_CONVERSION = YES;
				CLANG_WARN_OBJC_IMPLICIT_RETAIN_SELF = YES;
				CLANG_WARN_OBJC_LITERAL_CONVERSION = YES;
				CLANG_WARN_OBJC_ROOT_CLASS = YES_ERROR;
				CLANG_WARN_QUOTED_INCLUDE_IN_FRAMEWORK_HEADER = YES;
				CLANG_WARN_RANGE_LOOP_ANALYSIS = YES;
				CLANG_WARN_STRICT_PROTOTYPES = YES;
				CLANG_WARN_SUSPICIOUS_MOVE = YES;
				CLANG_WARN_UNGUARDED_AVAILABILITY = YES_AGGRESSIVE;
				CLANG_WARN_UNREACHABLE_CODE = YES;
				CLANG_WARN__DUPLICATE_METHOD_MATCH = YES;
				COPY_PHASE_STRIP = NO;
				DEBUG_INFORMATION_FORMAT = "dwarf-with-dsym";
				ENABLE_NS_ASSERTIONS = NO;
				ENABLE_STRICT_OBJC_MSGSEND = YES;
				GCC_C_LANGUAGE_STANDARD = gnu11;
				GCC_NO_COMMON_BLOCKS = YES;
				GCC_WARN_64_TO_32_BIT_CONVERSION = YES;
				GCC_WARN_ABOUT_RETURN_TYPE = YES_ERROR;
				GCC_WARN_UNDECLARED_SELECTOR = YES;
				GCC_WARN_UNINITIALIZED_AUTOS = YES_AGGRESSIVE;
				GCC_WARN_UNUSED_FUNCTION = YES;
				GCC_WARN_UNUSED_VARIABLE = YES;
				IPHONEOS_DEPLOYMENT_TARGET = 14.4;
				MTL_ENABLE_DEBUG_INFO = NO;
				MTL_FAST_MATH = YES;
				SDKROOT = iphoneos;
				SWIFT_COMPILATION_MODE = wholemodule;
				SWIFT_OPTIMIZATION_LEVEL = "-O";
				VALIDATE_PRODUCT = YES;
			};
			name = Release;
		};
		6774F04F27981EE5000EAF06 /* Debug */ = {
			isa = XCBuildConfiguration;
			buildSettings = {
				ASSETCATALOG_COMPILER_APPICON_NAME = AppIcon;
				ASSETCATALOG_COMPILER_GLOBAL_ACCENT_COLOR_NAME = AccentColor;
				CODE_SIGN_STYLE = Automatic;
				DEVELOPMENT_ASSET_PATHS = "\"Tamagotchi/Preview Content\"";
				ENABLE_PREVIEWS = YES;
				INFOPLIST_FILE = Tamagotchi/Info.plist;
				IPHONEOS_DEPLOYMENT_TARGET = 14.0;
				LD_RUNPATH_SEARCH_PATHS = (
					"$(inherited)",
					"@executable_path/Frameworks",
				);
				PRODUCT_BUNDLE_IDENTIFIER = com.aman.Tamagotchi;
				PRODUCT_NAME = "$(TARGET_NAME)";
				SWIFT_VERSION = 5.0;
				TARGETED_DEVICE_FAMILY = "1,2";
			};
			name = Debug;
		};
		6774F05027981EE5000EAF06 /* Release */ = {
			isa = XCBuildConfiguration;
			buildSettings = {
				ASSETCATALOG_COMPILER_APPICON_NAME = AppIcon;
				ASSETCATALOG_COMPILER_GLOBAL_ACCENT_COLOR_NAME = AccentColor;
				CODE_SIGN_STYLE = Automatic;
				DEVELOPMENT_ASSET_PATHS = "\"Tamagotchi/Preview Content\"";
				ENABLE_PREVIEWS = YES;
				INFOPLIST_FILE = Tamagotchi/Info.plist;
				IPHONEOS_DEPLOYMENT_TARGET = 14.0;
				LD_RUNPATH_SEARCH_PATHS = (
					"$(inherited)",
					"@executable_path/Frameworks",
				);
				PRODUCT_BUNDLE_IDENTIFIER = com.aman.Tamagotchi;
				PRODUCT_NAME = "$(TARGET_NAME)";
				SWIFT_VERSION = 5.0;
				TARGETED_DEVICE_FAMILY = "1,2";
			};
			name = Release;
		};
		6774F05227981EE5000EAF06 /* Debug */ = {
			isa = XCBuildConfiguration;
			buildSettings = {
				ALWAYS_EMBED_SWIFT_STANDARD_LIBRARIES = YES;
				BUNDLE_LOADER = "$(TEST_HOST)";
				CODE_SIGN_STYLE = Automatic;
				INFOPLIST_FILE = TamagotchiTests/Info.plist;
				IPHONEOS_DEPLOYMENT_TARGET = 14.0;
				LD_RUNPATH_SEARCH_PATHS = (
					"$(inherited)",
					"@executable_path/Frameworks",
					"@loader_path/Frameworks",
				);
				PRODUCT_BUNDLE_IDENTIFIER = com.aman.TamagotchiTests;
				PRODUCT_NAME = "$(TARGET_NAME)";
				SWIFT_VERSION = 5.0;
				TARGETED_DEVICE_FAMILY = "1,2";
				TEST_HOST = "$(BUILT_PRODUCTS_DIR)/Tamagotchi.app/Tamagotchi";
			};
			name = Debug;
		};
		6774F05327981EE5000EAF06 /* Release */ = {
			isa = XCBuildConfiguration;
			buildSettings = {
				ALWAYS_EMBED_SWIFT_STANDARD_LIBRARIES = YES;
				BUNDLE_LOADER = "$(TEST_HOST)";
				CODE_SIGN_STYLE = Automatic;
				INFOPLIST_FILE = TamagotchiTests/Info.plist;
				IPHONEOS_DEPLOYMENT_TARGET = 14.0;
				LD_RUNPATH_SEARCH_PATHS = (
					"$(inherited)",
					"@executable_path/Frameworks",
					"@loader_path/Frameworks",
				);
				PRODUCT_BUNDLE_IDENTIFIER = com.aman.TamagotchiTests;
				PRODUCT_NAME = "$(TARGET_NAME)";
				SWIFT_VERSION = 5.0;
				TARGETED_DEVICE_FAMILY = "1,2";
				TEST_HOST = "$(BUILT_PRODUCTS_DIR)/Tamagotchi.app/Tamagotchi";
			};
			name = Release;
		};
		6774F05527981EE5000EAF06 /* Debug */ = {
			isa = XCBuildConfiguration;
			buildSettings = {
				ALWAYS_EMBED_SWIFT_STANDARD_LIBRARIES = YES;
				CODE_SIGN_STYLE = Automatic;
				INFOPLIST_FILE = TamagotchiUITests/Info.plist;
				LD_RUNPATH_SEARCH_PATHS = (
					"$(inherited)",
					"@executable_path/Frameworks",
					"@loader_path/Frameworks",
				);
				PRODUCT_BUNDLE_IDENTIFIER = com.aman.TamagotchiUITests;
				PRODUCT_NAME = "$(TARGET_NAME)";
				SWIFT_VERSION = 5.0;
				TARGETED_DEVICE_FAMILY = "1,2";
				TEST_TARGET_NAME = Tamagotchi;
			};
			name = Debug;
		};
		6774F05627981EE5000EAF06 /* Release */ = {
			isa = XCBuildConfiguration;
			buildSettings = {
				ALWAYS_EMBED_SWIFT_STANDARD_LIBRARIES = YES;
				CODE_SIGN_STYLE = Automatic;
				INFOPLIST_FILE = TamagotchiUITests/Info.plist;
				LD_RUNPATH_SEARCH_PATHS = (
					"$(inherited)",
					"@executable_path/Frameworks",
					"@loader_path/Frameworks",
				);
				PRODUCT_BUNDLE_IDENTIFIER = com.aman.TamagotchiUITests;
				PRODUCT_NAME = "$(TARGET_NAME)";
				SWIFT_VERSION = 5.0;
				TARGETED_DEVICE_FAMILY = "1,2";
				TEST_TARGET_NAME = Tamagotchi;
			};
			name = Release;
		};
/* End XCBuildConfiguration section */

/* Begin XCConfigurationList section */
		6774F02427981EE2000EAF06 /* Build configuration list for PBXProject "Tamagotchi" */ = {
			isa = XCConfigurationList;
			buildConfigurations = (
				6774F04C27981EE5000EAF06 /* Debug */,
				6774F04D27981EE5000EAF06 /* Release */,
			);
			defaultConfigurationIsVisible = 0;
			defaultConfigurationName = Release;
		};
		6774F04E27981EE5000EAF06 /* Build configuration list for PBXNativeTarget "Tamagotchi" */ = {
			isa = XCConfigurationList;
			buildConfigurations = (
				6774F04F27981EE5000EAF06 /* Debug */,
				6774F05027981EE5000EAF06 /* Release */,
			);
			defaultConfigurationIsVisible = 0;
			defaultConfigurationName = Release;
		};
		6774F05127981EE5000EAF06 /* Build configuration list for PBXNativeTarget "TamagotchiTests" */ = {
			isa = XCConfigurationList;
			buildConfigurations = (
				6774F05227981EE5000EAF06 /* Debug */,
				6774F05327981EE5000EAF06 /* Release */,
			);
			defaultConfigurationIsVisible = 0;
			defaultConfigurationName = Release;
		};
		6774F05427981EE5000EAF06 /* Build configuration list for PBXNativeTarget "TamagotchiUITests" */ = {
			isa = XCConfigurationList;
			buildConfigurations = (
				6774F05527981EE5000EAF06 /* Debug */,
				6774F05627981EE5000EAF06 /* Release */,
			);
			defaultConfigurationIsVisible = 0;
			defaultConfigurationName = Release;
		};
/* End XCConfigurationList section */
	};
	rootObject = 6774F02127981EE2000EAF06 /* Project object */;
}
